{
    "symfony/form": {
        "version": "v5.3.8"
    },
    "symfony/lock": {
        "version": "5.2",
        "recipe": {
            "repo": "github.com/symfony/recipes",
            "branch": "master",
            "version": "5.2",
            "ref": "a1c8800e40ae735206bb14586fdd6c4630a51b8d"
        },
        "files": [
            "config/packages/lock.yaml"
        ]
    },
    "symfony/options-resolver": {
        "version": "v5.3.7"
    },
    "symfony/password-hasher": {
        "version": "v5.3.8"
    },
    "symfony/polyfill-intl-icu": {
        "version": "v1.23.0"
    },
    "symfony/property-access": {
        "version": "v5.3.8"
    },
    "symfony/property-info": {
        "version": "v5.3.8"
    },
    "symfony/security-core": {
        "version": "v5.3.8"
    },
    "symfony/security-csrf": {
        "version": "v5.3.4"
    },
    "symfony/validator": {
        "version": "4.3",
        "recipe": {
            "repo": "github.com/symfony/recipes",
            "branch": "master",
            "version": "4.3",
            "ref": "3eb8df139ec05414489d55b97603c5f6ca0c44cb"
        },
        "files": [
            "config/packages/test/validator.yaml",
            "config/packages/validator.yaml"
        ]
    }
}
